
Microsoft Visual Studio Solution File, Format Version 12.00
# Visual Studio Version 17
VisualStudioVersion = 17.3.32929.385
MinimumVisualStudioVersion = 10.0.40219.1
Project("{FAE04EC0-301F-11D3-BF4B-00C04F79EFBC}") = "ASEAssignmentProject", "ASEAssignmentProject\ASEAssignmentProject.csproj", "{418A5D93-32B4-4EE8-81A5-EDBEA65B895B}"
EndProject
Global
	GlobalSection(SolutionConfigurationPlatforms) = preSolution
		Debug|Any CPU = Debug|Any CPU
		Release|Any CPU = Release|Any CPU
	EndGlobalSection
	GlobalSection(ProjectConfigurationPlatforms) = postSolution
		{418A5D93-32B4-4EE8-81A5-EDBEA65B895B}.Debug|Any CPU.ActiveCfg = Debug|Any CPU
		{418A5D93-32B4-4EE8-81A5-EDBEA65B895B}.Debug|Any CPU.Build.0 = Debug|Any CPU
		{418A5D93-32B4-4EE8-81A5-EDBEA65B895B}.Release|Any CPU.ActiveCfg = Release|Any CPU
		{418A5D93-32B4-4EE8-81A5-EDBEA65B895B}.Release|Any CPU.Build.0 = Release|Any CPU
	EndGlobalSection
	GlobalSection(SolutionProperties) = preSolution
		HideSolutionNode = FALSE
	EndGlobalSection
	GlobalSection(ExtensibilityGlobals) = postSolution
		SolutionGuid = {CB5BFFFA-CA1B-49FF-9990-76C89540D48B}
	EndGlobalSection
EndGlobal
